
Microsoft Visual Studio Solution File, Format Version 12.00
# Visual Studio Version 17
VisualStudioVersion = 17.1.32328.378
MinimumVisualStudioVersion = 10.0.40219.1
Project("{9A19103F-16F7-4668-BE54-9A1E7A4F7556}") = "SkandinavLottoV2", "SkandinavLottoV2\SkandinavLottoV2.csproj", "{FAA1F2EF-AB2E-4170-9E76-3B65D5F9EC0D}"
EndProject
Project("{9A19103F-16F7-4668-BE54-9A1E7A4F7556}") = "LottoAdatFeltoltes", "LottoAdatFeltoltes\LottoAdatFeltoltes.csproj", "{B084974A-ED86-4C1B-8C4A-B01E50595865}"
EndProject
Project("{FAE04EC0-301F-11D3-BF4B-00C04F79EFBC}") = "LottoAdatKapcsolat", "LottoAdatKapcsolat\LottoAdatKapcsolat.csproj", "{BA55B232-D6C8-4382-920C-BE6A55388B47}"
EndProject
Global
	GlobalSection(SolutionConfigurationPlatforms) = preSolution
		Debug|Any CPU = Debug|Any CPU
		Release|Any CPU = Release|Any CPU
	EndGlobalSection
	GlobalSection(ProjectConfigurationPlatforms) = postSolution
		{FAA1F2EF-AB2E-4170-9E76-3B65D5F9EC0D}.Debug|Any CPU.ActiveCfg = Debug|Any CPU
		{FAA1F2EF-AB2E-4170-9E76-3B65D5F9EC0D}.Debug|Any CPU.Build.0 = Debug|Any CPU
		{FAA1F2EF-AB2E-4170-9E76-3B65D5F9EC0D}.Release|Any CPU.ActiveCfg = Release|Any CPU
		{FAA1F2EF-AB2E-4170-9E76-3B65D5F9EC0D}.Release|Any CPU.Build.0 = Release|Any CPU
		{B084974A-ED86-4C1B-8C4A-B01E50595865}.Debug|Any CPU.ActiveCfg = Debug|Any CPU
		{B084974A-ED86-4C1B-8C4A-B01E50595865}.Debug|Any CPU.Build.0 = Debug|Any CPU
		{B084974A-ED86-4C1B-8C4A-B01E50595865}.Release|Any CPU.ActiveCfg = Release|Any CPU
		{B084974A-ED86-4C1B-8C4A-B01E50595865}.Release|Any CPU.Build.0 = Release|Any CPU
		{BA55B232-D6C8-4382-920C-BE6A55388B47}.Debug|Any CPU.ActiveCfg = Debug|Any CPU
		{BA55B232-D6C8-4382-920C-BE6A55388B47}.Debug|Any CPU.Build.0 = Debug|Any CPU
		{BA55B232-D6C8-4382-920C-BE6A55388B47}.Release|Any CPU.ActiveCfg = Release|Any CPU
		{BA55B232-D6C8-4382-920C-BE6A55388B47}.Release|Any CPU.Build.0 = Release|Any CPU
	EndGlobalSection
	GlobalSection(SolutionProperties) = preSolution
		HideSolutionNode = FALSE
	EndGlobalSection
	GlobalSection(ExtensibilityGlobals) = postSolution
		SolutionGuid = {3B75018F-8E3F-4853-9532-620C14559754}
	EndGlobalSection
EndGlobal
